
Microsoft Visual Studio Solution File, Format Version 12.00
# Visual Studio Version 16
VisualStudioVersion = 16.0.30804.86
MinimumVisualStudioVersion = 10.0.40219.1
Project("{FAE04EC0-301F-11D3-BF4B-00C04F79EFBC}") = "New_Enforce_GUI", "New_Enforce_GUI.csproj", "{09A89DC5-172C-4BEF-9D57-B268813E4B2C}"
EndProject
Global
	GlobalSection(SolutionConfigurationPlatforms) = preSolution
		Debug|Any CPU = Debug|Any CPU
		Release|Any CPU = Release|Any CPU
	EndGlobalSection
	GlobalSection(ProjectConfigurationPlatforms) = postSolution
		{09A89DC5-172C-4BEF-9D57-B268813E4B2C}.Debug|Any CPU.ActiveCfg = Debug|Any CPU
		{09A89DC5-172C-4BEF-9D57-B268813E4B2C}.Debug|Any CPU.Build.0 = Debug|Any CPU
		{09A89DC5-172C-4BEF-9D57-B268813E4B2C}.Release|Any CPU.ActiveCfg = Release|Any CPU
		{09A89DC5-172C-4BEF-9D57-B268813E4B2C}.Release|Any CPU.Build.0 = Release|Any CPU
	EndGlobalSection
	GlobalSection(SolutionProperties) = preSolution
		HideSolutionNode = FALSE
	EndGlobalSection
	GlobalSection(ExtensibilityGlobals) = postSolution
		SolutionGuid = {10D4C143-97CF-43E0-8D7C-3A94A6B7E71E}
	EndGlobalSection
EndGlobal
